
Microsoft Visual Studio Solution File, Format Version 12.00
# Visual Studio 14
VisualStudioVersion = 14.0.25123.0
MinimumVisualStudioVersion = 10.0.40219.1
Project("{FAE04EC0-301F-11D3-BF4B-00C04F79EFBC}") = "01. Profile Page", "01. Profile Page\01. Profile Page.csproj", "{5587E96C-081E-48DD-A419-3B993F5B76B5}"
EndProject
Project("{FAE04EC0-301F-11D3-BF4B-00C04F79EFBC}") = "02. International Company", "02. International Company\02. International Company.csproj", "{A98361E5-A7C3-44DC-BA10-04B3D4FB71E6}"
EndProject
Global
	GlobalSection(SolutionConfigurationPlatforms) = preSolution
		Debug|Any CPU = Debug|Any CPU
		Release|Any CPU = Release|Any CPU
	EndGlobalSection
	GlobalSection(ProjectConfigurationPlatforms) = postSolution
		{5587E96C-081E-48DD-A419-3B993F5B76B5}.Debug|Any CPU.ActiveCfg = Debug|Any CPU
		{5587E96C-081E-48DD-A419-3B993F5B76B5}.Debug|Any CPU.Build.0 = Debug|Any CPU
		{5587E96C-081E-48DD-A419-3B993F5B76B5}.Release|Any CPU.ActiveCfg = Release|Any CPU
		{5587E96C-081E-48DD-A419-3B993F5B76B5}.Release|Any CPU.Build.0 = Release|Any CPU
		{A98361E5-A7C3-44DC-BA10-04B3D4FB71E6}.Debug|Any CPU.ActiveCfg = Debug|Any CPU
		{A98361E5-A7C3-44DC-BA10-04B3D4FB71E6}.Debug|Any CPU.Build.0 = Debug|Any CPU
		{A98361E5-A7C3-44DC-BA10-04B3D4FB71E6}.Release|Any CPU.ActiveCfg = Release|Any CPU
		{A98361E5-A7C3-44DC-BA10-04B3D4FB71E6}.Release|Any CPU.Build.0 = Release|Any CPU
	EndGlobalSection
	GlobalSection(SolutionProperties) = preSolution
		HideSolutionNode = FALSE
	EndGlobalSection
EndGlobal
