
Microsoft Visual Studio Solution File, Format Version 12.00
# Visual Studio 2012
Project("{FAE04EC0-301F-11D3-BF4B-00C04F79EFBC}") = "StudentProject", "StudentProject\StudentProject.csproj", "{A8CDD13E-3EAD-4B45-8F82-42FF9EAF7CDE}"
EndProject
Project("{FAE04EC0-301F-11D3-BF4B-00C04F79EFBC}") = "StudentProject.Tests", "StudentProject.Tests\StudentProject.Tests.csproj", "{5D41286B-D0B5-4C0E-B018-C535076AD5D1}"
EndProject
Global
	GlobalSection(SolutionConfigurationPlatforms) = preSolution
		Debug|Any CPU = Debug|Any CPU
		Release|Any CPU = Release|Any CPU
	EndGlobalSection
	GlobalSection(ProjectConfigurationPlatforms) = postSolution
		{A8CDD13E-3EAD-4B45-8F82-42FF9EAF7CDE}.Debug|Any CPU.ActiveCfg = Debug|Any CPU
		{A8CDD13E-3EAD-4B45-8F82-42FF9EAF7CDE}.Debug|Any CPU.Build.0 = Debug|Any CPU
		{A8CDD13E-3EAD-4B45-8F82-42FF9EAF7CDE}.Release|Any CPU.ActiveCfg = Release|Any CPU
		{A8CDD13E-3EAD-4B45-8F82-42FF9EAF7CDE}.Release|Any CPU.Build.0 = Release|Any CPU
		{5D41286B-D0B5-4C0E-B018-C535076AD5D1}.Debug|Any CPU.ActiveCfg = Debug|Any CPU
		{5D41286B-D0B5-4C0E-B018-C535076AD5D1}.Debug|Any CPU.Build.0 = Debug|Any CPU
		{5D41286B-D0B5-4C0E-B018-C535076AD5D1}.Release|Any CPU.ActiveCfg = Release|Any CPU
		{5D41286B-D0B5-4C0E-B018-C535076AD5D1}.Release|Any CPU.Build.0 = Release|Any CPU
	EndGlobalSection
	GlobalSection(SolutionProperties) = preSolution
		HideSolutionNode = FALSE
	EndGlobalSection
EndGlobal
