
Microsoft Visual Studio Solution File, Format Version 12.00
# Visual Studio 2012
Project("{FAE04EC0-301F-11D3-BF4B-00C04F79EFBC}") = "01.Abstraction", "01.Abstraction\01.Abstraction.csproj", "{C5C09493-09A7-4EB2-A731-A240EC9068FD}"
EndProject
Project("{FAE04EC0-301F-11D3-BF4B-00C04F79EFBC}") = "02.CohesionAndCoupling", "02.CohesionAndCoupling\02.CohesionAndCoupling.csproj", "{5E109D78-F2DE-4B45-AEB2-78A9C878D067}"
EndProject
Project("{FAE04EC0-301F-11D3-BF4B-00C04F79EFBC}") = "03.InheritanceAndPolymorphism", "03.InheritanceAndPolymorphism\03.InheritanceAndPolymorphism.csproj", "{72A0C131-33E0-49DD-AB74-83972EE84475}"
EndProject
Global
	GlobalSection(SolutionConfigurationPlatforms) = preSolution
		Debug|Any CPU = Debug|Any CPU
		Release|Any CPU = Release|Any CPU
	EndGlobalSection
	GlobalSection(ProjectConfigurationPlatforms) = postSolution
		{C5C09493-09A7-4EB2-A731-A240EC9068FD}.Debug|Any CPU.ActiveCfg = Debug|Any CPU
		{C5C09493-09A7-4EB2-A731-A240EC9068FD}.Debug|Any CPU.Build.0 = Debug|Any CPU
		{C5C09493-09A7-4EB2-A731-A240EC9068FD}.Release|Any CPU.ActiveCfg = Release|Any CPU
		{C5C09493-09A7-4EB2-A731-A240EC9068FD}.Release|Any CPU.Build.0 = Release|Any CPU
		{5E109D78-F2DE-4B45-AEB2-78A9C878D067}.Debug|Any CPU.ActiveCfg = Debug|Any CPU
		{5E109D78-F2DE-4B45-AEB2-78A9C878D067}.Debug|Any CPU.Build.0 = Debug|Any CPU
		{5E109D78-F2DE-4B45-AEB2-78A9C878D067}.Release|Any CPU.ActiveCfg = Release|Any CPU
		{5E109D78-F2DE-4B45-AEB2-78A9C878D067}.Release|Any CPU.Build.0 = Release|Any CPU
		{72A0C131-33E0-49DD-AB74-83972EE84475}.Debug|Any CPU.ActiveCfg = Debug|Any CPU
		{72A0C131-33E0-49DD-AB74-83972EE84475}.Debug|Any CPU.Build.0 = Debug|Any CPU
		{72A0C131-33E0-49DD-AB74-83972EE84475}.Release|Any CPU.ActiveCfg = Release|Any CPU
		{72A0C131-33E0-49DD-AB74-83972EE84475}.Release|Any CPU.Build.0 = Release|Any CPU
	EndGlobalSection
	GlobalSection(SolutionProperties) = preSolution
		HideSolutionNode = FALSE
	EndGlobalSection
EndGlobal
