
Microsoft Visual Studio Solution File, Format Version 12.00
# Visual Studio 14
VisualStudioVersion = 14.0.25420.1
MinimumVisualStudioVersion = 10.0.40219.1
Project("{FAE04EC0-301F-11D3-BF4B-00C04F79EFBC}") = "Movies.Data", "Movies.Data\Movies.Data.csproj", "{A7A7939A-8761-41D2-BCE3-305F33FA5573}"
EndProject
Project("{FAE04EC0-301F-11D3-BF4B-00C04F79EFBC}") = "Movies.Web", "Movies.Web\Movies.Web.csproj", "{A2025B0F-6E86-4F81-845A-7BC23B532818}"
EndProject
Global
	GlobalSection(SolutionConfigurationPlatforms) = preSolution
		Debug|Any CPU = Debug|Any CPU
		Release|Any CPU = Release|Any CPU
	EndGlobalSection
	GlobalSection(ProjectConfigurationPlatforms) = postSolution
		{A7A7939A-8761-41D2-BCE3-305F33FA5573}.Debug|Any CPU.ActiveCfg = Debug|Any CPU
		{A7A7939A-8761-41D2-BCE3-305F33FA5573}.Debug|Any CPU.Build.0 = Debug|Any CPU
		{A7A7939A-8761-41D2-BCE3-305F33FA5573}.Release|Any CPU.ActiveCfg = Release|Any CPU
		{A7A7939A-8761-41D2-BCE3-305F33FA5573}.Release|Any CPU.Build.0 = Release|Any CPU
		{A2025B0F-6E86-4F81-845A-7BC23B532818}.Debug|Any CPU.ActiveCfg = Debug|Any CPU
		{A2025B0F-6E86-4F81-845A-7BC23B532818}.Debug|Any CPU.Build.0 = Debug|Any CPU
		{A2025B0F-6E86-4F81-845A-7BC23B532818}.Release|Any CPU.ActiveCfg = Release|Any CPU
		{A2025B0F-6E86-4F81-845A-7BC23B532818}.Release|Any CPU.Build.0 = Release|Any CPU
	EndGlobalSection
	GlobalSection(SolutionProperties) = preSolution
		HideSolutionNode = FALSE
	EndGlobalSection
EndGlobal
