
Microsoft Visual Studio Solution File, Format Version 12.00
# Visual Studio 2012
Project("{FAE04EC0-301F-11D3-BF4B-00C04F79EFBC}") = "MatrixRotatingWalk", "MatrixRotatingWalk\MatrixRotatingWalk.csproj", "{03B488FF-6315-4152-83D6-8049C9A7C3BF}"
EndProject
Project("{FAE04EC0-301F-11D3-BF4B-00C04F79EFBC}") = "MatrixRotatingWalk.Tests", "MatrixRotatingWalk.Tests\MatrixRotatingWalk.Tests.csproj", "{A6270789-BB80-418B-A34B-1011416E4D9F}"
EndProject
Global
	GlobalSection(SolutionConfigurationPlatforms) = preSolution
		Debug|Any CPU = Debug|Any CPU
		Release|Any CPU = Release|Any CPU
	EndGlobalSection
	GlobalSection(ProjectConfigurationPlatforms) = postSolution
		{03B488FF-6315-4152-83D6-8049C9A7C3BF}.Debug|Any CPU.ActiveCfg = Debug|Any CPU
		{03B488FF-6315-4152-83D6-8049C9A7C3BF}.Debug|Any CPU.Build.0 = Debug|Any CPU
		{03B488FF-6315-4152-83D6-8049C9A7C3BF}.Release|Any CPU.ActiveCfg = Release|Any CPU
		{03B488FF-6315-4152-83D6-8049C9A7C3BF}.Release|Any CPU.Build.0 = Release|Any CPU
		{A6270789-BB80-418B-A34B-1011416E4D9F}.Debug|Any CPU.ActiveCfg = Debug|Any CPU
		{A6270789-BB80-418B-A34B-1011416E4D9F}.Debug|Any CPU.Build.0 = Debug|Any CPU
		{A6270789-BB80-418B-A34B-1011416E4D9F}.Release|Any CPU.ActiveCfg = Release|Any CPU
		{A6270789-BB80-418B-A34B-1011416E4D9F}.Release|Any CPU.Build.0 = Release|Any CPU
	EndGlobalSection
	GlobalSection(SolutionProperties) = preSolution
		HideSolutionNode = FALSE
	EndGlobalSection
EndGlobal
