
Microsoft Visual Studio Solution File, Format Version 12.00
# Visual Studio 14
VisualStudioVersion = 14.0.24720.0
MinimumVisualStudioVersion = 10.0.40219.1
Project("{2150E333-8FDC-42A3-9474-1A3956D46DE8}") = "StudentSystem", "StudentSystem", "{C3A9344C-8012-4E62-B932-3824D6094420}"
EndProject
Project("{2150E333-8FDC-42A3-9474-1A3956D46DE8}") = "Services", "Services", "{95C8182B-39B5-468F-A9DA-19B07A840713}"
EndProject
Project("{FAE04EC0-301F-11D3-BF4B-00C04F79EFBC}") = "StudentSystem.Services.Data", "StudentSystem\Services\StudentSystem.Services.Data\StudentSystem.Services.Data.csproj", "{D8F6B48C-5DE6-4951-9EB8-0A50249D11EF}"
EndProject
Project("{2150E333-8FDC-42A3-9474-1A3956D46DE8}") = "Server", "Server", "{1C7D8D7A-8F8F-47B5-ACEB-B3176A79D607}"
EndProject
Project("{2150E333-8FDC-42A3-9474-1A3956D46DE8}") = "Data", "Data", "{CA695A69-42CB-4470-A69D-71F93AE8FD1F}"
EndProject
Project("{FAE04EC0-301F-11D3-BF4B-00C04F79EFBC}") = "StudentSystem.Data", "StudentSystem\Data\StudentSystem.Data\StudentSystem.Data.csproj", "{23D2DF1A-C5E2-4993-9C2E-230A058D883F}"
EndProject
Project("{FAE04EC0-301F-11D3-BF4B-00C04F79EFBC}") = "StudentSystem.Model", "StudentSystem\Data\StudentSystem.Model\StudentSystem.Model.csproj", "{68F7DC28-5847-4081-8D6F-B1ACEBB28915}"
EndProject
Project("{FAE04EC0-301F-11D3-BF4B-00C04F79EFBC}") = "StudentSystem.Api", "StudentSystem\Server\StudentSystem.Api\StudentSystem.Api.csproj", "{A5CE9C1B-4C46-4D53-8B4A-9166CD62BAC4}"
EndProject
Project("{2150E333-8FDC-42A3-9474-1A3956D46DE8}") = "MusicCompany", "MusicCompany", "{E489E9FE-CC56-48A4-881C-0017AA5BC24B}"
EndProject
Project("{2150E333-8FDC-42A3-9474-1A3956D46DE8}") = "Data", "Data", "{5589039A-097A-42A2-8E16-3CC0464AB867}"
EndProject
Project("{FAE04EC0-301F-11D3-BF4B-00C04F79EFBC}") = "MusicCompany.Model", "MusicCompany\Data\MusicCompany.Model\MusicCompany.Model.csproj", "{EA689ECD-AF26-435B-A5BB-3F4602D5E88E}"
EndProject
Project("{2150E333-8FDC-42A3-9474-1A3956D46DE8}") = "Server", "Server", "{8E72A434-61A8-4C68-B32F-53BA1EBC63FC}"
EndProject
Project("{2150E333-8FDC-42A3-9474-1A3956D46DE8}") = "Services", "Services", "{07D5F5CB-CB53-4BD7-900E-C5D14C84E69F}"
EndProject
Project("{FAE04EC0-301F-11D3-BF4B-00C04F79EFBC}") = "MusicCompany.Api", "MusicCompany\Server\MusicCompany.Api\MusicCompany.Api.csproj", "{7E8D9424-2F74-4A7A-9245-20B42B168F92}"
EndProject
Project("{FAE04EC0-301F-11D3-BF4B-00C04F79EFBC}") = "MusicCompany.Data", "MusicCompany\Data\MusicCompany.Data\MusicCompany.Data.csproj", "{99FC892A-B0FF-42C0-96E8-4EA0F3C4F1ED}"
EndProject
Project("{FAE04EC0-301F-11D3-BF4B-00C04F79EFBC}") = "MusicCompany.Services.Data", "MusicCompany\Services\MusicCompany.Services.Data\MusicCompany.Services.Data.csproj", "{97541FB8-865E-4E0B-8889-28889D54C917}"
EndProject
Project("{2150E333-8FDC-42A3-9474-1A3956D46DE8}") = "Tests", "Tests", "{AB3708C8-C858-4387-9A51-9F3BCE37BD32}"
EndProject
Project("{FAE04EC0-301F-11D3-BF4B-00C04F79EFBC}") = "MusicCompany.Api.Tests", "MusicCompany\Tests\MusicCompany.Api.Tests\MusicCompany.Api.Tests.csproj", "{65F18B6B-CAFA-46E3-8638-EB391CBEA7C8}"
EndProject
Project("{FAE04EC0-301F-11D3-BF4B-00C04F79EFBC}") = "MusicCompany.Services.Data.Tests", "MusicCompany\Tests\MusicCompany.Services.Data.Tests\MusicCompany.Services.Data.Tests.csproj", "{AA2F1AC3-29A7-498C-9FED-7E55D7BC4CE2}"
EndProject
Global
	GlobalSection(SolutionConfigurationPlatforms) = preSolution
		Debug|Any CPU = Debug|Any CPU
		Release|Any CPU = Release|Any CPU
	EndGlobalSection
	GlobalSection(ProjectConfigurationPlatforms) = postSolution
		{D8F6B48C-5DE6-4951-9EB8-0A50249D11EF}.Debug|Any CPU.ActiveCfg = Debug|Any CPU
		{D8F6B48C-5DE6-4951-9EB8-0A50249D11EF}.Debug|Any CPU.Build.0 = Debug|Any CPU
		{D8F6B48C-5DE6-4951-9EB8-0A50249D11EF}.Release|Any CPU.ActiveCfg = Release|Any CPU
		{D8F6B48C-5DE6-4951-9EB8-0A50249D11EF}.Release|Any CPU.Build.0 = Release|Any CPU
		{23D2DF1A-C5E2-4993-9C2E-230A058D883F}.Debug|Any CPU.ActiveCfg = Debug|Any CPU
		{23D2DF1A-C5E2-4993-9C2E-230A058D883F}.Debug|Any CPU.Build.0 = Debug|Any CPU
		{23D2DF1A-C5E2-4993-9C2E-230A058D883F}.Release|Any CPU.ActiveCfg = Release|Any CPU
		{23D2DF1A-C5E2-4993-9C2E-230A058D883F}.Release|Any CPU.Build.0 = Release|Any CPU
		{68F7DC28-5847-4081-8D6F-B1ACEBB28915}.Debug|Any CPU.ActiveCfg = Debug|Any CPU
		{68F7DC28-5847-4081-8D6F-B1ACEBB28915}.Debug|Any CPU.Build.0 = Debug|Any CPU
		{68F7DC28-5847-4081-8D6F-B1ACEBB28915}.Release|Any CPU.ActiveCfg = Release|Any CPU
		{68F7DC28-5847-4081-8D6F-B1ACEBB28915}.Release|Any CPU.Build.0 = Release|Any CPU
		{A5CE9C1B-4C46-4D53-8B4A-9166CD62BAC4}.Debug|Any CPU.ActiveCfg = Debug|Any CPU
		{A5CE9C1B-4C46-4D53-8B4A-9166CD62BAC4}.Debug|Any CPU.Build.0 = Debug|Any CPU
		{A5CE9C1B-4C46-4D53-8B4A-9166CD62BAC4}.Release|Any CPU.ActiveCfg = Release|Any CPU
		{A5CE9C1B-4C46-4D53-8B4A-9166CD62BAC4}.Release|Any CPU.Build.0 = Release|Any CPU
		{EA689ECD-AF26-435B-A5BB-3F4602D5E88E}.Debug|Any CPU.ActiveCfg = Debug|Any CPU
		{EA689ECD-AF26-435B-A5BB-3F4602D5E88E}.Debug|Any CPU.Build.0 = Debug|Any CPU
		{EA689ECD-AF26-435B-A5BB-3F4602D5E88E}.Release|Any CPU.ActiveCfg = Release|Any CPU
		{EA689ECD-AF26-435B-A5BB-3F4602D5E88E}.Release|Any CPU.Build.0 = Release|Any CPU
		{7E8D9424-2F74-4A7A-9245-20B42B168F92}.Debug|Any CPU.ActiveCfg = Debug|Any CPU
		{7E8D9424-2F74-4A7A-9245-20B42B168F92}.Debug|Any CPU.Build.0 = Debug|Any CPU
		{7E8D9424-2F74-4A7A-9245-20B42B168F92}.Release|Any CPU.ActiveCfg = Release|Any CPU
		{7E8D9424-2F74-4A7A-9245-20B42B168F92}.Release|Any CPU.Build.0 = Release|Any CPU
		{99FC892A-B0FF-42C0-96E8-4EA0F3C4F1ED}.Debug|Any CPU.ActiveCfg = Debug|Any CPU
		{99FC892A-B0FF-42C0-96E8-4EA0F3C4F1ED}.Debug|Any CPU.Build.0 = Debug|Any CPU
		{99FC892A-B0FF-42C0-96E8-4EA0F3C4F1ED}.Release|Any CPU.ActiveCfg = Release|Any CPU
		{99FC892A-B0FF-42C0-96E8-4EA0F3C4F1ED}.Release|Any CPU.Build.0 = Release|Any CPU
		{97541FB8-865E-4E0B-8889-28889D54C917}.Debug|Any CPU.ActiveCfg = Debug|Any CPU
		{97541FB8-865E-4E0B-8889-28889D54C917}.Debug|Any CPU.Build.0 = Debug|Any CPU
		{97541FB8-865E-4E0B-8889-28889D54C917}.Release|Any CPU.ActiveCfg = Release|Any CPU
		{97541FB8-865E-4E0B-8889-28889D54C917}.Release|Any CPU.Build.0 = Release|Any CPU
		{65F18B6B-CAFA-46E3-8638-EB391CBEA7C8}.Debug|Any CPU.ActiveCfg = Debug|Any CPU
		{65F18B6B-CAFA-46E3-8638-EB391CBEA7C8}.Debug|Any CPU.Build.0 = Debug|Any CPU
		{65F18B6B-CAFA-46E3-8638-EB391CBEA7C8}.Release|Any CPU.ActiveCfg = Release|Any CPU
		{65F18B6B-CAFA-46E3-8638-EB391CBEA7C8}.Release|Any CPU.Build.0 = Release|Any CPU
		{AA2F1AC3-29A7-498C-9FED-7E55D7BC4CE2}.Debug|Any CPU.ActiveCfg = Debug|Any CPU
		{AA2F1AC3-29A7-498C-9FED-7E55D7BC4CE2}.Debug|Any CPU.Build.0 = Debug|Any CPU
		{AA2F1AC3-29A7-498C-9FED-7E55D7BC4CE2}.Release|Any CPU.ActiveCfg = Release|Any CPU
		{AA2F1AC3-29A7-498C-9FED-7E55D7BC4CE2}.Release|Any CPU.Build.0 = Release|Any CPU
	EndGlobalSection
	GlobalSection(SolutionProperties) = preSolution
		HideSolutionNode = FALSE
	EndGlobalSection
	GlobalSection(NestedProjects) = preSolution
		{95C8182B-39B5-468F-A9DA-19B07A840713} = {C3A9344C-8012-4E62-B932-3824D6094420}
		{D8F6B48C-5DE6-4951-9EB8-0A50249D11EF} = {95C8182B-39B5-468F-A9DA-19B07A840713}
		{1C7D8D7A-8F8F-47B5-ACEB-B3176A79D607} = {C3A9344C-8012-4E62-B932-3824D6094420}
		{CA695A69-42CB-4470-A69D-71F93AE8FD1F} = {C3A9344C-8012-4E62-B932-3824D6094420}
		{23D2DF1A-C5E2-4993-9C2E-230A058D883F} = {CA695A69-42CB-4470-A69D-71F93AE8FD1F}
		{68F7DC28-5847-4081-8D6F-B1ACEBB28915} = {CA695A69-42CB-4470-A69D-71F93AE8FD1F}
		{A5CE9C1B-4C46-4D53-8B4A-9166CD62BAC4} = {1C7D8D7A-8F8F-47B5-ACEB-B3176A79D607}
		{5589039A-097A-42A2-8E16-3CC0464AB867} = {E489E9FE-CC56-48A4-881C-0017AA5BC24B}
		{EA689ECD-AF26-435B-A5BB-3F4602D5E88E} = {5589039A-097A-42A2-8E16-3CC0464AB867}
		{8E72A434-61A8-4C68-B32F-53BA1EBC63FC} = {E489E9FE-CC56-48A4-881C-0017AA5BC24B}
		{07D5F5CB-CB53-4BD7-900E-C5D14C84E69F} = {E489E9FE-CC56-48A4-881C-0017AA5BC24B}
		{7E8D9424-2F74-4A7A-9245-20B42B168F92} = {8E72A434-61A8-4C68-B32F-53BA1EBC63FC}
		{99FC892A-B0FF-42C0-96E8-4EA0F3C4F1ED} = {5589039A-097A-42A2-8E16-3CC0464AB867}
		{97541FB8-865E-4E0B-8889-28889D54C917} = {07D5F5CB-CB53-4BD7-900E-C5D14C84E69F}
		{AB3708C8-C858-4387-9A51-9F3BCE37BD32} = {E489E9FE-CC56-48A4-881C-0017AA5BC24B}
		{65F18B6B-CAFA-46E3-8638-EB391CBEA7C8} = {AB3708C8-C858-4387-9A51-9F3BCE37BD32}
		{AA2F1AC3-29A7-498C-9FED-7E55D7BC4CE2} = {AB3708C8-C858-4387-9A51-9F3BCE37BD32}
	EndGlobalSection
EndGlobal
